
Microsoft Visual Studio Solution File, Format Version 12.00
# Visual Studio Version 16
VisualStudioVersion = 16.0.29709.97
MinimumVisualStudioVersion = 10.0.40219.1
Project("{FAE04EC0-301F-11D3-BF4B-00C04F79EFBC}") = "CRUD MVCEF", "CRUD MVCEF\CRUD MVCEF.csproj", "{D2FB17B3-0396-47BE-9EB7-4DDF67D0FEB9}"
EndProject
Global
	GlobalSection(SolutionConfigurationPlatforms) = preSolution
		Debug|Any CPU = Debug|Any CPU
		Release|Any CPU = Release|Any CPU
	EndGlobalSection
	GlobalSection(ProjectConfigurationPlatforms) = postSolution
		{D2FB17B3-0396-47BE-9EB7-4DDF67D0FEB9}.Debug|Any CPU.ActiveCfg = Debug|Any CPU
		{D2FB17B3-0396-47BE-9EB7-4DDF67D0FEB9}.Debug|Any CPU.Build.0 = Debug|Any CPU
		{D2FB17B3-0396-47BE-9EB7-4DDF67D0FEB9}.Release|Any CPU.ActiveCfg = Release|Any CPU
		{D2FB17B3-0396-47BE-9EB7-4DDF67D0FEB9}.Release|Any CPU.Build.0 = Release|Any CPU
	EndGlobalSection
	GlobalSection(SolutionProperties) = preSolution
		HideSolutionNode = FALSE
	EndGlobalSection
	GlobalSection(ExtensibilityGlobals) = postSolution
		SolutionGuid = {04EF6BF0-5B03-48D1-A6B1-FDCC281D8C2A}
	EndGlobalSection
EndGlobal
